
Microsoft Visual Studio Solution File, Format Version 12.00
# Visual Studio Version 16
VisualStudioVersion = 16.0.30320.27
MinimumVisualStudioVersion = 10.0.40219.1
Project("{FAE04EC0-301F-11D3-BF4B-00C04F79EFBC}") = "ApteanEdgeBankingUnitTesting", "ApteanEdgeBankingUnitTesting\ApteanEdgeBankingUnitTesting.csproj", "{8B9BEA14-08BF-4360-AA1C-1AC709623EC6}"
EndProject
Global
	GlobalSection(SolutionConfigurationPlatforms) = preSolution
		Debug|Any CPU = Debug|Any CPU
		Release|Any CPU = Release|Any CPU
	EndGlobalSection
	GlobalSection(ProjectConfigurationPlatforms) = postSolution
		{8B9BEA14-08BF-4360-AA1C-1AC709623EC6}.Debug|Any CPU.ActiveCfg = Debug|Any CPU
		{8B9BEA14-08BF-4360-AA1C-1AC709623EC6}.Debug|Any CPU.Build.0 = Debug|Any CPU
		{8B9BEA14-08BF-4360-AA1C-1AC709623EC6}.Release|Any CPU.ActiveCfg = Release|Any CPU
		{8B9BEA14-08BF-4360-AA1C-1AC709623EC6}.Release|Any CPU.Build.0 = Release|Any CPU
	EndGlobalSection
	GlobalSection(SolutionProperties) = preSolution
		HideSolutionNode = FALSE
	EndGlobalSection
	GlobalSection(ExtensibilityGlobals) = postSolution
		SolutionGuid = {A7EF059E-1C3F-4DDB-AD79-401144AAF092}
	EndGlobalSection
EndGlobal
